// !$*UTF8*$!
{
	archiveVersion = 1;
	classes = {
	};
	objectVersion = 56;
	objects = {

/* Begin PBXBuildFile section */
		171CD3CE29A1C50E00EA11F2 /* APIServiceTest.swift in Sources */ = {isa = PBXBuildFile; fileRef = 171CD3CB29A1C50E00EA11F2 /* APIServiceTest.swift */; };
		171CD3CF29A1C50E00EA11F2 /* MockAPIService.swift in Sources */ = {isa = PBXBuildFile; fileRef = 171CD3CC29A1C50E00EA11F2 /* MockAPIService.swift */; };
		171CD3D029A1C50E00EA11F2 /* MockRequest.swift in Sources */ = {isa = PBXBuildFile; fileRef = 171CD3CD29A1C50E00EA11F2 /* MockRequest.swift */; };
		17FC50BE29A0B46F001FE90D /* ProductBrandingNewApp.swift in Sources */ = {isa = PBXBuildFile; fileRef = 17FC50BD29A0B46F001FE90D /* ProductBrandingNewApp.swift */; };
		17FC50C029A0B46F001FE90D /* DashboardView.swift in Sources */ = {isa = PBXBuildFile; fileRef = 17FC50BF29A0B46F001FE90D /* DashboardView.swift */; };
		17FC50C229A0B470001FE90D /* Assets.xcassets in Resources */ = {isa = PBXBuildFile; fileRef = 17FC50C129A0B470001FE90D /* Assets.xcassets */; };
		17FC50C529A0B470001FE90D /* Preview Assets.xcassets in Resources */ = {isa = PBXBuildFile; fileRef = 17FC50C429A0B470001FE90D /* Preview Assets.xcassets */; };
		17FC50CF29A0B470001FE90D /* ProductBrandingNewTests.swift in Sources */ = {isa = PBXBuildFile; fileRef = 17FC50CE29A0B470001FE90D /* ProductBrandingNewTests.swift */; };
		17FC50D929A0B470001FE90D /* ProductBrandingNewUITests.swift in Sources */ = {isa = PBXBuildFile; fileRef = 17FC50D829A0B470001FE90D /* ProductBrandingNewUITests.swift */; };
		17FC50DB29A0B470001FE90D /* ProductBrandingNewUITestsLaunchTests.swift in Sources */ = {isa = PBXBuildFile; fileRef = 17FC50DA29A0B470001FE90D /* ProductBrandingNewUITestsLaunchTests.swift */; };
		17FC50EB29A0B491001FE90D /* Service.swift in Sources */ = {isa = PBXBuildFile; fileRef = 17FC50E829A0B491001FE90D /* Service.swift */; };
		17FC50EC29A0B491001FE90D /* ServiceError.swift in Sources */ = {isa = PBXBuildFile; fileRef = 17FC50E929A0B491001FE90D /* ServiceError.swift */; };
		17FC50ED29A0B491001FE90D /* ApiRequest.swift in Sources */ = {isa = PBXBuildFile; fileRef = 17FC50EA29A0B491001FE90D /* ApiRequest.swift */; };
		17FC50F029A0B49C001FE90D /* ProductRequest.swift in Sources */ = {isa = PBXBuildFile; fileRef = 17FC50EF29A0B49C001FE90D /* ProductRequest.swift */; };
		17FC50F329A0B4A7001FE90D /* ProductService.swift in Sources */ = {isa = PBXBuildFile; fileRef = 17FC50F229A0B4A7001FE90D /* ProductService.swift */; };
		17FC50F629A0B4E6001FE90D /* Products.swift in Sources */ = {isa = PBXBuildFile; fileRef = 17FC50F529A0B4E6001FE90D /* Products.swift */; };
		17FC50F929A0B53F001FE90D /* ViewModel.swift in Sources */ = {isa = PBXBuildFile; fileRef = 17FC50F829A0B53F001FE90D /* ViewModel.swift */; };
		17FC50FB29A0B54F001FE90D /* ProductViewModel.swift in Sources */ = {isa = PBXBuildFile; fileRef = 17FC50FA29A0B54F001FE90D /* ProductViewModel.swift */; };
		17FC50FE29A0BA3B001FE90D /* ProductView.swift in Sources */ = {isa = PBXBuildFile; fileRef = 17FC50FD29A0BA3B001FE90D /* ProductView.swift */; };
		17FC510129A0BAF5001FE90D /* ImageOverlay.swift in Sources */ = {isa = PBXBuildFile; fileRef = 17FC510029A0BAF5001FE90D /* ImageOverlay.swift */; };
		17FC510329A0BB58001FE90D /* SegmentBar.swift in Sources */ = {isa = PBXBuildFile; fileRef = 17FC510229A0BB58001FE90D /* SegmentBar.swift */; };
		17FC510729A0BCF0001FE90D /* RemoteImage.swift in Sources */ = {isa = PBXBuildFile; fileRef = 17FC510529A0BCF0001FE90D /* RemoteImage.swift */; };
		17FC510829A0BCF0001FE90D /* URLImage.swift in Sources */ = {isa = PBXBuildFile; fileRef = 17FC510629A0BCF0001FE90D /* URLImage.swift */; };
		17FC510A29A1B084001FE90D /* ProductDetailsView.swift in Sources */ = {isa = PBXBuildFile; fileRef = 17FC510929A1B084001FE90D /* ProductDetailsView.swift */; };
/* End PBXBuildFile section */

/* Begin PBXContainerItemProxy section */
		17FC50CB29A0B470001FE90D /* PBXContainerItemProxy */ = {
			isa = PBXContainerItemProxy;
			containerPortal = 17FC50B229A0B46F001FE90D /* Project object */;
			proxyType = 1;
			remoteGlobalIDString = 17FC50B929A0B46F001FE90D;
			remoteInfo = ProductBrandingNew;
		};
		17FC50D529A0B470001FE90D /* PBXContainerItemProxy */ = {
			isa = PBXContainerItemProxy;
			containerPortal = 17FC50B229A0B46F001FE90D /* Project object */;
			proxyType = 1;
			remoteGlobalIDString = 17FC50B929A0B46F001FE90D;
			remoteInfo = ProductBrandingNew;
		};
/* End PBXContainerItemProxy section */

/* Begin PBXFileReference section */
		171CD3CB29A1C50E00EA11F2 /* APIServiceTest.swift */ = {isa = PBXFileReference; fileEncoding = 4; lastKnownFileType = sourcecode.swift; path = APIServiceTest.swift; sourceTree = "<group>"; };
		171CD3CC29A1C50E00EA11F2 /* MockAPIService.swift */ = {isa = PBXFileReference; fileEncoding = 4; lastKnownFileType = sourcecode.swift; path = MockAPIService.swift; sourceTree = "<group>"; };
		171CD3CD29A1C50E00EA11F2 /* MockRequest.swift */ = {isa = PBXFileReference; fileEncoding = 4; lastKnownFileType = sourcecode.swift; path = MockRequest.swift; sourceTree = "<group>"; };
		17FC50BA29A0B46F001FE90D /* ProductBrandingNew.app */ = {isa = PBXFileReference; explicitFileType = wrapper.application; includeInIndex = 0; path = ProductBrandingNew.app; sourceTree = BUILT_PRODUCTS_DIR; };
		17FC50BD29A0B46F001FE90D /* ProductBrandingNewApp.swift */ = {isa = PBXFileReference; lastKnownFileType = sourcecode.swift; path = ProductBrandingNewApp.swift; sourceTree = "<group>"; };
		17FC50BF29A0B46F001FE90D /* DashboardView.swift */ = {isa = PBXFileReference; lastKnownFileType = sourcecode.swift; path = DashboardView.swift; sourceTree = "<group>"; };
		17FC50C129A0B470001FE90D /* Assets.xcassets */ = {isa = PBXFileReference; lastKnownFileType = folder.assetcatalog; path = Assets.xcassets; sourceTree = "<group>"; };
		17FC50C429A0B470001FE90D /* Preview Assets.xcassets */ = {isa = PBXFileReference; lastKnownFileType = folder.assetcatalog; path = "Preview Assets.xcassets"; sourceTree = "<group>"; };
		17FC50CA29A0B470001FE90D /* ProductBrandingNewTests.xctest */ = {isa = PBXFileReference; explicitFileType = wrapper.cfbundle; includeInIndex = 0; path = ProductBrandingNewTests.xctest; sourceTree = BUILT_PRODUCTS_DIR; };
		17FC50CE29A0B470001FE90D /* ProductBrandingNewTests.swift */ = {isa = PBXFileReference; lastKnownFileType = sourcecode.swift; path = ProductBrandingNewTests.swift; sourceTree = "<group>"; };
		17FC50D429A0B470001FE90D /* ProductBrandingNewUITests.xctest */ = {isa = PBXFileReference; explicitFileType = wrapper.cfbundle; includeInIndex = 0; path = ProductBrandingNewUITests.xctest; sourceTree = BUILT_PRODUCTS_DIR; };
		17FC50D829A0B470001FE90D /* ProductBrandingNewUITests.swift */ = {isa = PBXFileReference; lastKnownFileType = sourcecode.swift; path = ProductBrandingNewUITests.swift; sourceTree = "<group>"; };
		17FC50DA29A0B470001FE90D /* ProductBrandingNewUITestsLaunchTests.swift */ = {isa = PBXFileReference; lastKnownFileType = sourcecode.swift; path = ProductBrandingNewUITestsLaunchTests.swift; sourceTree = "<group>"; };
		17FC50E829A0B491001FE90D /* Service.swift */ = {isa = PBXFileReference; fileEncoding = 4; lastKnownFileType = sourcecode.swift; path = Service.swift; sourceTree = "<group>"; };
		17FC50E929A0B491001FE90D /* ServiceError.swift */ = {isa = PBXFileReference; fileEncoding = 4; lastKnownFileType = sourcecode.swift; path = ServiceError.swift; sourceTree = "<group>"; };
		17FC50EA29A0B491001FE90D /* ApiRequest.swift */ = {isa = PBXFileReference; fileEncoding = 4; lastKnownFileType = sourcecode.swift; path = ApiRequest.swift; sourceTree = "<group>"; };
		17FC50EF29A0B49C001FE90D /* ProductRequest.swift */ = {isa = PBXFileReference; fileEncoding = 4; lastKnownFileType = sourcecode.swift; path = ProductRequest.swift; sourceTree = "<group>"; };
		17FC50F229A0B4A7001FE90D /* ProductService.swift */ = {isa = PBXFileReference; fileEncoding = 4; lastKnownFileType = sourcecode.swift; path = ProductService.swift; sourceTree = "<group>"; };
		17FC50F529A0B4E6001FE90D /* Products.swift */ = {isa = PBXFileReference; lastKnownFileType = sourcecode.swift; path = Products.swift; sourceTree = "<group>"; };
		17FC50F829A0B53F001FE90D /* ViewModel.swift */ = {isa = PBXFileReference; fileEncoding = 4; lastKnownFileType = sourcecode.swift; path = ViewModel.swift; sourceTree = "<group>"; };
		17FC50FA29A0B54F001FE90D /* ProductViewModel.swift */ = {isa = PBXFileReference; lastKnownFileType = sourcecode.swift; path = ProductViewModel.swift; sourceTree = "<group>"; };
		17FC50FD29A0BA3B001FE90D /* ProductView.swift */ = {isa = PBXFileReference; lastKnownFileType = sourcecode.swift; path = ProductView.swift; sourceTree = "<group>"; };
		17FC510029A0BAF5001FE90D /* ImageOverlay.swift */ = {isa = PBXFileReference; lastKnownFileType = sourcecode.swift; path = ImageOverlay.swift; sourceTree = "<group>"; };
		17FC510229A0BB58001FE90D /* SegmentBar.swift */ = {isa = PBXFileReference; fileEncoding = 4; lastKnownFileType = sourcecode.swift; path = SegmentBar.swift; sourceTree = "<group>"; };
		17FC510529A0BCF0001FE90D /* RemoteImage.swift */ = {isa = PBXFileReference; fileEncoding = 4; lastKnownFileType = sourcecode.swift; path = RemoteImage.swift; sourceTree = "<group>"; };
		17FC510629A0BCF0001FE90D /* URLImage.swift */ = {isa = PBXFileReference; fileEncoding = 4; lastKnownFileType = sourcecode.swift; path = URLImage.swift; sourceTree = "<group>"; };
		17FC510929A1B084001FE90D /* ProductDetailsView.swift */ = {isa = PBXFileReference; lastKnownFileType = sourcecode.swift; path = ProductDetailsView.swift; sourceTree = "<group>"; };
/* End PBXFileReference section */

/* Begin PBXFrameworksBuildPhase section */
		17FC50B729A0B46F001FE90D /* Frameworks */ = {
			isa = PBXFrameworksBuildPhase;
			buildActionMask = 2147483647;
			files = (
			);
			runOnlyForDeploymentPostprocessing = 0;
		};
		17FC50C729A0B470001FE90D /* Frameworks */ = {
			isa = PBXFrameworksBuildPhase;
			buildActionMask = 2147483647;
			files = (
			);
			runOnlyForDeploymentPostprocessing = 0;
		};
		17FC50D129A0B470001FE90D /* Frameworks */ = {
			isa = PBXFrameworksBuildPhase;
			buildActionMask = 2147483647;
			files = (
			);
			runOnlyForDeploymentPostprocessing = 0;
		};
/* End PBXFrameworksBuildPhase section */

/* Begin PBXGroup section */
		17FC50B129A0B46F001FE90D = {
			isa = PBXGroup;
			children = (
				17FC50BC29A0B46F001FE90D /* ProductBrandingNew */,
				17FC50CD29A0B470001FE90D /* ProductBrandingNewTests */,
				17FC50D729A0B470001FE90D /* ProductBrandingNewUITests */,
				17FC50BB29A0B46F001FE90D /* Products */,
			);
			sourceTree = "<group>";
		};
		17FC50BB29A0B46F001FE90D /* Products */ = {
			isa = PBXGroup;
			children = (
				17FC50BA29A0B46F001FE90D /* ProductBrandingNew.app */,
				17FC50CA29A0B470001FE90D /* ProductBrandingNewTests.xctest */,
				17FC50D429A0B470001FE90D /* ProductBrandingNewUITests.xctest */,
			);
			name = Products;
			sourceTree = "<group>";
		};
		17FC50BC29A0B46F001FE90D /* ProductBrandingNew */ = {
			isa = PBXGroup;
			children = (
				17FC50BD29A0B46F001FE90D /* ProductBrandingNewApp.swift */,
				17FC510429A0BCF0001FE90D /* Common */,
				17FC50FF29A0BAE3001FE90D /* ReusableView */,
				17FC50FC29A0BA25001FE90D /* Views */,
				17FC50F729A0B528001FE90D /* ViewModel */,
				17FC50F429A0B4CE001FE90D /* Data Model */,
				17FC50F129A0B4A7001FE90D /* API Service */,
				17FC50EE29A0B49C001FE90D /* API Request */,
				17FC50E729A0B491001FE90D /* Network Protocols */,
				17FC50C129A0B470001FE90D /* Assets.xcassets */,
				17FC50C329A0B470001FE90D /* Preview Content */,
			);
			path = ProductBrandingNew;
			sourceTree = "<group>";
		};
		17FC50C329A0B470001FE90D /* Preview Content */ = {
			isa = PBXGroup;
			children = (
				17FC50C429A0B470001FE90D /* Preview Assets.xcassets */,
			);
			path = "Preview Content";
			sourceTree = "<group>";
		};
		17FC50CD29A0B470001FE90D /* ProductBrandingNewTests */ = {
			isa = PBXGroup;
			children = (
				171CD3CB29A1C50E00EA11F2 /* APIServiceTest.swift */,
				171CD3CC29A1C50E00EA11F2 /* MockAPIService.swift */,
				171CD3CD29A1C50E00EA11F2 /* MockRequest.swift */,
				17FC50CE29A0B470001FE90D /* ProductBrandingNewTests.swift */,
			);
			path = ProductBrandingNewTests;
			sourceTree = "<group>";
		};
		17FC50D729A0B470001FE90D /* ProductBrandingNewUITests */ = {
			isa = PBXGroup;
			children = (
				17FC50D829A0B470001FE90D /* ProductBrandingNewUITests.swift */,
				17FC50DA29A0B470001FE90D /* ProductBrandingNewUITestsLaunchTests.swift */,
			);
			path = ProductBrandingNewUITests;
			sourceTree = "<group>";
		};
		17FC50E729A0B491001FE90D /* Network Protocols */ = {
			isa = PBXGroup;
			children = (
				17FC50E829A0B491001FE90D /* Service.swift */,
				17FC50E929A0B491001FE90D /* ServiceError.swift */,
				17FC50EA29A0B491001FE90D /* ApiRequest.swift */,
			);
			path = "Network Protocols";
			sourceTree = "<group>";
		};
		17FC50EE29A0B49C001FE90D /* API Request */ = {
			isa = PBXGroup;
			children = (
				17FC50EF29A0B49C001FE90D /* ProductRequest.swift */,
			);
			path = "API Request";
			sourceTree = "<group>";
		};
		17FC50F129A0B4A7001FE90D /* API Service */ = {
			isa = PBXGroup;
			children = (
				17FC50F229A0B4A7001FE90D /* ProductService.swift */,
			);
			path = "API Service";
			sourceTree = "<group>";
		};
		17FC50F429A0B4CE001FE90D /* Data Model */ = {
			isa = PBXGroup;
			children = (
				17FC50F529A0B4E6001FE90D /* Products.swift */,
			);
			path = "Data Model";
			sourceTree = "<group>";
		};
		17FC50F729A0B528001FE90D /* ViewModel */ = {
			isa = PBXGroup;
			children = (
				17FC50F829A0B53F001FE90D /* ViewModel.swift */,
				17FC50FA29A0B54F001FE90D /* ProductViewModel.swift */,
			);
			path = ViewModel;
			sourceTree = "<group>";
		};
		17FC50FC29A0BA25001FE90D /* Views */ = {
			isa = PBXGroup;
			children = (
				17FC50BF29A0B46F001FE90D /* DashboardView.swift */,
				17FC50FD29A0BA3B001FE90D /* ProductView.swift */,
				17FC510929A1B084001FE90D /* ProductDetailsView.swift */,
			);
			path = Views;
			sourceTree = "<group>";
		};
		17FC50FF29A0BAE3001FE90D /* ReusableView */ = {
			isa = PBXGroup;
			children = (
				17FC510229A0BB58001FE90D /* SegmentBar.swift */,
				17FC510029A0BAF5001FE90D /* ImageOverlay.swift */,
			);
			path = ReusableView;
			sourceTree = "<group>";
		};
		17FC510429A0BCF0001FE90D /* Common */ = {
			isa = PBXGroup;
			children = (
				17FC510529A0BCF0001FE90D /* RemoteImage.swift */,
				17FC510629A0BCF0001FE90D /* URLImage.swift */,
			);
			path = Common;
			sourceTree = "<group>";
		};
/* End PBXGroup section */

/* Begin PBXNativeTarget section */
		17FC50B929A0B46F001FE90D /* ProductBrandingNew */ = {
			isa = PBXNativeTarget;
			buildConfigurationList = 17FC50DE29A0B470001FE90D /* Build configuration list for PBXNativeTarget "ProductBrandingNew" */;
			buildPhases = (
				17FC50B629A0B46F001FE90D /* Sources */,
				17FC50B729A0B46F001FE90D /* Frameworks */,
				17FC50B829A0B46F001FE90D /* Resources */,
			);
			buildRules = (
			);
			dependencies = (
			);
			name = ProductBrandingNew;
			productName = ProductBrandingNew;
			productReference = 17FC50BA29A0B46F001FE90D /* ProductBrandingNew.app */;
			productType = "com.apple.product-type.application";
		};
		17FC50C929A0B470001FE90D /* ProductBrandingNewTests */ = {
			isa = PBXNativeTarget;
			buildConfigurationList = 17FC50E129A0B470001FE90D /* Build configuration list for PBXNativeTarget "ProductBrandingNewTests" */;
			buildPhases = (
				17FC50C629A0B470001FE90D /* Sources */,
				17FC50C729A0B470001FE90D /* Frameworks */,
				17FC50C829A0B470001FE90D /* Resources */,
			);
			buildRules = (
			);
			dependencies = (
				17FC50CC29A0B470001FE90D /* PBXTargetDependency */,
			);
			name = ProductBrandingNewTests;
			productName = ProductBrandingNewTests;
			productReference = 17FC50CA29A0B470001FE90D /* ProductBrandingNewTests.xctest */;
			productType = "com.apple.product-type.bundle.unit-test";
		};
		17FC50D329A0B470001FE90D /* ProductBrandingNewUITests */ = {
			isa = PBXNativeTarget;
			buildConfigurationList = 17FC50E429A0B470001FE90D /* Build configuration list for PBXNativeTarget "ProductBrandingNewUITests" */;
			buildPhases = (
				17FC50D029A0B470001FE90D /* Sources */,
				17FC50D129A0B470001FE90D /* Frameworks */,
				17FC50D229A0B470001FE90D /* Resources */,
			);
			buildRules = (
			);
			dependencies = (
				17FC50D629A0B470001FE90D /* PBXTargetDependency */,
			);
			name = ProductBrandingNewUITests;
			productName = ProductBrandingNewUITests;
			productReference = 17FC50D429A0B470001FE90D /* ProductBrandingNewUITests.xctest */;
			productType = "com.apple.product-type.bundle.ui-testing";
		};
/* End PBXNativeTarget section */

/* Begin PBXProject section */
		17FC50B229A0B46F001FE90D /* Project object */ = {
			isa = PBXProject;
			attributes = {
				BuildIndependentTargetsInParallel = 1;
				LastSwiftUpdateCheck = 1410;
				LastUpgradeCheck = 1410;
				TargetAttributes = {
					17FC50B929A0B46F001FE90D = {
						CreatedOnToolsVersion = 14.1;
					};
					17FC50C929A0B470001FE90D = {
						CreatedOnToolsVersion = 14.1;
						TestTargetID = 17FC50B929A0B46F001FE90D;
					};
					17FC50D329A0B470001FE90D = {
						CreatedOnToolsVersion = 14.1;
						TestTargetID = 17FC50B929A0B46F001FE90D;
					};
				};
			};
			buildConfigurationList = 17FC50B529A0B46F001FE90D /* Build configuration list for PBXProject "ProductBrandingNew" */;
			compatibilityVersion = "Xcode 14.0";
			developmentRegion = en;
			hasScannedForEncodings = 0;
			knownRegions = (
				en,
				Base,
			);
			mainGroup = 17FC50B129A0B46F001FE90D;
			productRefGroup = 17FC50BB29A0B46F001FE90D /* Products */;
			projectDirPath = "";
			projectRoot = "";
			targets = (
				17FC50B929A0B46F001FE90D /* ProductBrandingNew */,
				17FC50C929A0B470001FE90D /* ProductBrandingNewTests */,
				17FC50D329A0B470001FE90D /* ProductBrandingNewUITests */,
			);
		};
/* End PBXProject section */

/* Begin PBXResourcesBuildPhase section */
		17FC50B829A0B46F001FE90D /* Resources */ = {
			isa = PBXResourcesBuildPhase;
			buildActionMask = 2147483647;
			files = (
				17FC50C529A0B470001FE90D /* Preview Assets.xcassets in Resources */,
				17FC50C229A0B470001FE90D /* Assets.xcassets in Resources */,
			);
			runOnlyForDeploymentPostprocessing = 0;
		};
		17FC50C829A0B470001FE90D /* Resources */ = {
			isa = PBXResourcesBuildPhase;
			buildActionMask = 2147483647;
			files = (
			);
			runOnlyForDeploymentPostprocessing = 0;
		};
		17FC50D229A0B470001FE90D /* Resources */ = {
			isa = PBXResourcesBuildPhase;
			buildActionMask = 2147483647;
			files = (
			);
			runOnlyForDeploymentPostprocessing = 0;
		};
/* End PBXResourcesBuildPhase section */

/* Begin PBXSourcesBuildPhase section */
		17FC50B629A0B46F001FE90D /* Sources */ = {
			isa = PBXSourcesBuildPhase;
			buildActionMask = 2147483647;
			files = (
				17FC50EC29A0B491001FE90D /* ServiceError.swift in Sources */,
				17FC510329A0BB58001FE90D /* SegmentBar.swift in Sources */,
				17FC50F929A0B53F001FE90D /* ViewModel.swift in Sources */,
				17FC50F029A0B49C001FE90D /* ProductRequest.swift in Sources */,
				17FC50C029A0B46F001FE90D /* DashboardView.swift in Sources */,
				17FC510A29A1B084001FE90D /* ProductDetailsView.swift in Sources */,
				17FC50FB29A0B54F001FE90D /* ProductViewModel.swift in Sources */,
				17FC50BE29A0B46F001FE90D /* ProductBrandingNewApp.swift in Sources */,
				17FC50ED29A0B491001FE90D /* ApiRequest.swift in Sources */,
				17FC50FE29A0BA3B001FE90D /* ProductView.swift in Sources */,
				17FC510729A0BCF0001FE90D /* RemoteImage.swift in Sources */,
				17FC50F629A0B4E6001FE90D /* Products.swift in Sources */,
				17FC50F329A0B4A7001FE90D /* ProductService.swift in Sources */,
				17FC510129A0BAF5001FE90D /* ImageOverlay.swift in Sources */,
				17FC510829A0BCF0001FE90D /* URLImage.swift in Sources */,
				17FC50EB29A0B491001FE90D /* Service.swift in Sources */,
			);
			runOnlyForDeploymentPostprocessing = 0;
		};
		17FC50C629A0B470001FE90D /* Sources */ = {
			isa = PBXSourcesBuildPhase;
			buildActionMask = 2147483647;
			files = (
				171CD3CF29A1C50E00EA11F2 /* MockAPIService.swift in Sources */,
				171CD3CE29A1C50E00EA11F2 /* APIServiceTest.swift in Sources */,
				17FC50CF29A0B470001FE90D /* ProductBrandingNewTests.swift in Sources */,
				171CD3D029A1C50E00EA11F2 /* MockRequest.swift in Sources */,
			);
			runOnlyForDeploymentPostprocessing = 0;
		};
		17FC50D029A0B470001FE90D /* Sources */ = {
			isa = PBXSourcesBuildPhase;
			buildActionMask = 2147483647;
			files = (
				17FC50DB29A0B470001FE90D /* ProductBrandingNewUITestsLaunchTests.swift in Sources */,
				17FC50D929A0B470001FE90D /* ProductBrandingNewUITests.swift in Sources */,
			);
			runOnlyForDeploymentPostprocessing = 0;
		};
/* End PBXSourcesBuildPhase section */

/* Begin PBXTargetDependency section */
		17FC50CC29A0B470001FE90D /* PBXTargetDependency */ = {
			isa = PBXTargetDependency;
			target = 17FC50B929A0B46F001FE90D /* ProductBrandingNew */;
			targetProxy = 17FC50CB29A0B470001FE90D /* PBXContainerItemProxy */;
		};
		17FC50D629A0B470001FE90D /* PBXTargetDependency */ = {
			isa = PBXTargetDependency;
			target = 17FC50B929A0B46F001FE90D /* ProductBrandingNew */;
			targetProxy = 17FC50D529A0B470001FE90D /* PBXContainerItemProxy */;
		};
/* End PBXTargetDependency section */

/* Begin XCBuildConfiguration section */
		17FC50DC29A0B470001FE90D /* Debug */ = {
			isa = XCBuildConfiguration;
			buildSettings = {
				ALWAYS_SEARCH_USER_PATHS = NO;
				CLANG_ANALYZER_NONNULL = YES;
				CLANG_ANALYZER_NUMBER_OBJECT_CONVERSION = YES_AGGRESSIVE;
				CLANG_CXX_LANGUAGE_STANDARD = "gnu++20";
				CLANG_ENABLE_MODULES = YES;
				CLANG_ENABLE_OBJC_ARC = YES;
				CLANG_ENABLE_OBJC_WEAK = YES;
				CLANG_WARN_BLOCK_CAPTURE_AUTORELEASING = YES;
				CLANG_WARN_BOOL_CONVERSION = YES;
				CLANG_WARN_COMMA = YES;
				CLANG_WARN_CONSTANT_CONVERSION = YES;
				CLANG_WARN_DEPRECATED_OBJC_IMPLEMENTATIONS = YES;
				CLANG_WARN_DIRECT_OBJC_ISA_USAGE = YES_ERROR;
				CLANG_WARN_DOCUMENTATION_COMMENTS = YES;
				CLANG_WARN_EMPTY_BODY = YES;
				CLANG_WARN_ENUM_CONVERSION = YES;
				CLANG_WARN_INFINITE_RECURSION = YES;
				CLANG_WARN_INT_CONVERSION = YES;
				CLANG_WARN_NON_LITERAL_NULL_CONVERSION = YES;
				CLANG_WARN_OBJC_IMPLICIT_RETAIN_SELF = YES;
				CLANG_WARN_OBJC_LITERAL_CONVERSION = YES;
				CLANG_WARN_OBJC_ROOT_CLASS = YES_ERROR;
				CLANG_WARN_QUOTED_INCLUDE_IN_FRAMEWORK_HEADER = YES;
				CLANG_WARN_RANGE_LOOP_ANALYSIS = YES;
				CLANG_WARN_STRICT_PROTOTYPES = YES;
				CLANG_WARN_SUSPICIOUS_MOVE = YES;
				CLANG_WARN_UNGUARDED_AVAILABILITY = YES_AGGRESSIVE;
				CLANG_WARN_UNREACHABLE_CODE = YES;
				CLANG_WARN__DUPLICATE_METHOD_MATCH = YES;
				COPY_PHASE_STRIP = NO;
				DEBUG_INFORMATION_FORMAT = dwarf;
				ENABLE_STRICT_OBJC_MSGSEND = YES;
				ENABLE_TESTABILITY = YES;
				GCC_C_LANGUAGE_STANDARD = gnu11;
				GCC_DYNAMIC_NO_PIC = NO;
				GCC_NO_COMMON_BLOCKS = YES;
				GCC_OPTIMIZATION_LEVEL = 0;
				GCC_PREPROCESSOR_DEFINITIONS = (
					"DEBUG=1",
					"$(inherited)",
				);
				GCC_WARN_64_TO_32_BIT_CONVERSION = YES;
				GCC_WARN_ABOUT_RETURN_TYPE = YES_ERROR;
				GCC_WARN_UNDECLARED_SELECTOR = YES;
				GCC_WARN_UNINITIALIZED_AUTOS = YES_AGGRESSIVE;
				GCC_WARN_UNUSED_FUNCTION = YES;
				GCC_WARN_UNUSED_VARIABLE = YES;
				IPHONEOS_DEPLOYMENT_TARGET = 16.1;
				MTL_ENABLE_DEBUG_INFO = INCLUDE_SOURCE;
				MTL_FAST_MATH = YES;
				ONLY_ACTIVE_ARCH = YES;
				SDKROOT = iphoneos;
				SWIFT_ACTIVE_COMPILATION_CONDITIONS = DEBUG;
				SWIFT_OPTIMIZATION_LEVEL = "-Onone";
			};
			name = Debug;
		};
		17FC50DD29A0B470001FE90D /* Release */ = {
			isa = XCBuildConfiguration;
			buildSettings = {
				ALWAYS_SEARCH_USER_PATHS = NO;
				CLANG_ANALYZER_NONNULL = YES;
				CLANG_ANALYZER_NUMBER_OBJECT_CONVERSION = YES_AGGRESSIVE;
				CLANG_CXX_LANGUAGE_STANDARD = "gnu++20";
				CLANG_ENABLE_MODULES = YES;
				CLANG_ENABLE_OBJC_ARC = YES;
				CLANG_ENABLE_OBJC_WEAK = YES;
				CLANG_WARN_BLOCK_CAPTURE_AUTORELEASING = YES;
				CLANG_WARN_BOOL_CONVERSION = YES;
				CLANG_WARN_COMMA = YES;
				CLANG_WARN_CONSTANT_CONVERSION = YES;
				CLANG_WARN_DEPRECATED_OBJC_IMPLEMENTATIONS = YES;
				CLANG_WARN_DIRECT_OBJC_ISA_USAGE = YES_ERROR;
				CLANG_WARN_DOCUMENTATION_COMMENTS = YES;
				CLANG_WARN_EMPTY_BODY = YES;
				CLANG_WARN_ENUM_CONVERSION = YES;
				CLANG_WARN_INFINITE_RECURSION = YES;
				CLANG_WARN_INT_CONVERSION = YES;
				CLANG_WARN_NON_LITERAL_NULL_CONVERSION = YES;
				CLANG_WARN_OBJC_IMPLICIT_RETAIN_SELF = YES;
				CLANG_WARN_OBJC_LITERAL_CONVERSION = YES;
				CLANG_WARN_OBJC_ROOT_CLASS = YES_ERROR;
				CLANG_WARN_QUOTED_INCLUDE_IN_FRAMEWORK_HEADER = YES;
				CLANG_WARN_RANGE_LOOP_ANALYSIS = YES;
				CLANG_WARN_STRICT_PROTOTYPES = YES;
				CLANG_WARN_SUSPICIOUS_MOVE = YES;
				CLANG_WARN_UNGUARDED_AVAILABILITY = YES_AGGRESSIVE;
				CLANG_WARN_UNREACHABLE_CODE = YES;
				CLANG_WARN__DUPLICATE_METHOD_MATCH = YES;
				COPY_PHASE_STRIP = NO;
				DEBUG_INFORMATION_FORMAT = "dwarf-with-dsym";
				ENABLE_NS_ASSERTIONS = NO;
				ENABLE_STRICT_OBJC_MSGSEND = YES;
				GCC_C_LANGUAGE_STANDARD = gnu11;
				GCC_NO_COMMON_BLOCKS = YES;
				GCC_WARN_64_TO_32_BIT_CONVERSION = YES;
				GCC_WARN_ABOUT_RETURN_TYPE = YES_ERROR;
				GCC_WARN_UNDECLARED_SELECTOR = YES;
				GCC_WARN_UNINITIALIZED_AUTOS = YES_AGGRESSIVE;
				GCC_WARN_UNUSED_FUNCTION = YES;
				GCC_WARN_UNUSED_VARIABLE = YES;
				IPHONEOS_DEPLOYMENT_TARGET = 16.1;
				MTL_ENABLE_DEBUG_INFO = NO;
				MTL_FAST_MATH = YES;
				SDKROOT = iphoneos;
				SWIFT_COMPILATION_MODE = wholemodule;
				SWIFT_OPTIMIZATION_LEVEL = "-O";
				VALIDATE_PRODUCT = YES;
			};
			name = Release;
		};
		17FC50DF29A0B470001FE90D /* Debug */ = {
			isa = XCBuildConfiguration;
			buildSettings = {
				ASSETCATALOG_COMPILER_APPICON_NAME = AppIcon;
				ASSETCATALOG_COMPILER_GLOBAL_ACCENT_COLOR_NAME = AccentColor;
				CODE_SIGN_STYLE = Automatic;
				CURRENT_PROJECT_VERSION = 1;
				DEVELOPMENT_ASSET_PATHS = "\"ProductBrandingNew/Preview Content\"";
				DEVELOPMENT_TEAM = G6PW8U75V2;
				ENABLE_PREVIEWS = YES;
				GENERATE_INFOPLIST_FILE = YES;
				INFOPLIST_KEY_UIApplicationSceneManifest_Generation = YES;
				INFOPLIST_KEY_UIApplicationSupportsIndirectInputEvents = YES;
				INFOPLIST_KEY_UILaunchScreen_Generation = YES;
				INFOPLIST_KEY_UISupportedInterfaceOrientations_iPad = "UIInterfaceOrientationPortrait UIInterfaceOrientationPortraitUpsideDown UIInterfaceOrientationLandscapeLeft UIInterfaceOrientationLandscapeRight";
				INFOPLIST_KEY_UISupportedInterfaceOrientations_iPhone = "UIInterfaceOrientationPortrait UIInterfaceOrientationLandscapeLeft UIInterfaceOrientationLandscapeRight";
				IPHONEOS_DEPLOYMENT_TARGET = 14.0;
				LD_RUNPATH_SEARCH_PATHS = (
					"$(inherited)",
					"@executable_path/Frameworks",
				);
				MARKETING_VERSION = 1.0;
				PRODUCT_BUNDLE_IDENTIFIER = com.anand.ProductBrandingNew;
				PRODUCT_NAME = "$(TARGET_NAME)";
				SWIFT_EMIT_LOC_STRINGS = YES;
				SWIFT_VERSION = 5.0;
				TARGETED_DEVICE_FAMILY = "1,2";
			};
			name = Debug;
		};
		17FC50E029A0B470001FE90D /* Release */ = {
			isa = XCBuildConfiguration;
			buildSettings = {
				ASSETCATALOG_COMPILER_APPICON_NAME = AppIcon;
				ASSETCATALOG_COMPILER_GLOBAL_ACCENT_COLOR_NAME = AccentColor;
				CODE_SIGN_STYLE = Automatic;
				CURRENT_PROJECT_VERSION = 1;
				DEVELOPMENT_ASSET_PATHS = "\"ProductBrandingNew/Preview Content\"";
				DEVELOPMENT_TEAM = G6PW8U75V2;
				ENABLE_PREVIEWS = YES;
				GENERATE_INFOPLIST_FILE = YES;
				INFOPLIST_KEY_UIApplicationSceneManifest_Generation = YES;
				INFOPLIST_KEY_UIApplicationSupportsIndirectInputEvents = YES;
				INFOPLIST_KEY_UILaunchScreen_Generation = YES;
				INFOPLIST_KEY_UISupportedInterfaceOrientations_iPad = "UIInterfaceOrientationPortrait UIInterfaceOrientationPortraitUpsideDown UIInterfaceOrientationLandscapeLeft UIInterfaceOrientationLandscapeRight";
				INFOPLIST_KEY_UISupportedInterfaceOrientations_iPhone = "UIInterfaceOrientationPortrait UIInterfaceOrientationLandscapeLeft UIInterfaceOrientationLandscapeRight";
				IPHONEOS_DEPLOYMENT_TARGET = 14.0;
				LD_RUNPATH_SEARCH_PATHS = (
					"$(inherited)",
					"@executable_path/Frameworks",
				);
				MARKETING_VERSION = 1.0;
				PRODUCT_BUNDLE_IDENTIFIER = com.anand.ProductBrandingNew;
				PRODUCT_NAME = "$(TARGET_NAME)";
				SWIFT_EMIT_LOC_STRINGS = YES;
				SWIFT_VERSION = 5.0;
				TARGETED_DEVICE_FAMILY = "1,2";
			};
			name = Release;
		};
		17FC50E229A0B470001FE90D /* Debug */ = {
			isa = XCBuildConfiguration;
			buildSettings = {
				ALWAYS_EMBED_SWIFT_STANDARD_LIBRARIES = YES;
				BUNDLE_LOADER = "$(TEST_HOST)";
				CODE_SIGN_STYLE = Automatic;
				CURRENT_PROJECT_VERSION = 1;
				DEVELOPMENT_TEAM = G6PW8U75V2;
				GENERATE_INFOPLIST_FILE = YES;
				IPHONEOS_DEPLOYMENT_TARGET = 14.0;
				MARKETING_VERSION = 1.0;
				PRODUCT_BUNDLE_IDENTIFIER = com.anand.ProductBrandingNewTests;
				PRODUCT_NAME = "$(TARGET_NAME)";
				SWIFT_EMIT_LOC_STRINGS = NO;
				SWIFT_VERSION = 5.0;
				TARGETED_DEVICE_FAMILY = "1,2";
				TEST_HOST = "$(BUILT_PRODUCTS_DIR)/ProductBrandingNew.app/$(BUNDLE_EXECUTABLE_FOLDER_PATH)/ProductBrandingNew";
			};
			name = Debug;
		};
		17FC50E329A0B470001FE90D /* Release */ = {
			isa = XCBuildConfiguration;
			buildSettings = {
				ALWAYS_EMBED_SWIFT_STANDARD_LIBRARIES = YES;
				BUNDLE_LOADER = "$(TEST_HOST)";
				CODE_SIGN_STYLE = Automatic;
				CURRENT_PROJECT_VERSION = 1;
				DEVELOPMENT_TEAM = G6PW8U75V2;
				GENERATE_INFOPLIST_FILE = YES;
				IPHONEOS_DEPLOYMENT_TARGET = 14.0;
				MARKETING_VERSION = 1.0;
				PRODUCT_BUNDLE_IDENTIFIER = com.anand.ProductBrandingNewTests;
				PRODUCT_NAME = "$(TARGET_NAME)";
				SWIFT_EMIT_LOC_STRINGS = NO;
				SWIFT_VERSION = 5.0;
				TARGETED_DEVICE_FAMILY = "1,2";
				TEST_HOST = "$(BUILT_PRODUCTS_DIR)/ProductBrandingNew.app/$(BUNDLE_EXECUTABLE_FOLDER_PATH)/ProductBrandingNew";
			};
			name = Release;
		};
		17FC50E529A0B470001FE90D /* Debug */ = {
			isa = XCBuildConfiguration;
			buildSettings = {
				ALWAYS_EMBED_SWIFT_STANDARD_LIBRARIES = YES;
				CODE_SIGN_STYLE = Automatic;
				CURRENT_PROJECT_VERSION = 1;
				DEVELOPMENT_TEAM = G6PW8U75V2;
				GENERATE_INFOPLIST_FILE = YES;
				IPHONEOS_DEPLOYMENT_TARGET = 14.0;
				MARKETING_VERSION = 1.0;
				PRODUCT_BUNDLE_IDENTIFIER = com.anand.ProductBrandingNewUITests;
				PRODUCT_NAME = "$(TARGET_NAME)";
				SWIFT_EMIT_LOC_STRINGS = NO;
				SWIFT_VERSION = 5.0;
				TARGETED_DEVICE_FAMILY = "1,2";
				TEST_TARGET_NAME = ProductBrandingNew;
			};
			name = Debug;
		};
		17FC50E629A0B470001FE90D /* Release */ = {
			isa = XCBuildConfiguration;
			buildSettings = {
				ALWAYS_EMBED_SWIFT_STANDARD_LIBRARIES = YES;
				CODE_SIGN_STYLE = Automatic;
				CURRENT_PROJECT_VERSION = 1;
				DEVELOPMENT_TEAM = G6PW8U75V2;
				GENERATE_INFOPLIST_FILE = YES;
				IPHONEOS_DEPLOYMENT_TARGET = 14.0;
				MARKETING_VERSION = 1.0;
				PRODUCT_BUNDLE_IDENTIFIER = com.anand.ProductBrandingNewUITests;
				PRODUCT_NAME = "$(TARGET_NAME)";
				SWIFT_EMIT_LOC_STRINGS = NO;
				SWIFT_VERSION = 5.0;
				TARGETED_DEVICE_FAMILY = "1,2";
				TEST_TARGET_NAME = ProductBrandingNew;
			};
			name = Release;
		};
/* End XCBuildConfiguration section */

/* Begin XCConfigurationList section */
		17FC50B529A0B46F001FE90D /* Build configuration list for PBXProject "ProductBrandingNew" */ = {
			isa = XCConfigurationList;
			buildConfigurations = (
				17FC50DC29A0B470001FE90D /* Debug */,
				17FC50DD29A0B470001FE90D /* Release */,
			);
			defaultConfigurationIsVisible = 0;
			defaultConfigurationName = Release;
		};
		17FC50DE29A0B470001FE90D /* Build configuration list for PBXNativeTarget "ProductBrandingNew" */ = {
			isa = XCConfigurationList;
			buildConfigurations = (
				17FC50DF29A0B470001FE90D /* Debug */,
				17FC50E029A0B470001FE90D /* Release */,
			);
			defaultConfigurationIsVisible = 0;
			defaultConfigurationName = Release;
		};
		17FC50E129A0B470001FE90D /* Build configuration list for PBXNativeTarget "ProductBrandingNewTests" */ = {
			isa = XCConfigurationList;
			buildConfigurations = (
				17FC50E229A0B470001FE90D /* Debug */,
				17FC50E329A0B470001FE90D /* Release */,
			);
			defaultConfigurationIsVisible = 0;
			defaultConfigurationName = Release;
		};
		17FC50E429A0B470001FE90D /* Build configuration list for PBXNativeTarget "ProductBrandingNewUITests" */ = {
			isa = XCConfigurationList;
			buildConfigurations = (
				17FC50E529A0B470001FE90D /* Debug */,
				17FC50E629A0B470001FE90D /* Release */,
			);
			defaultConfigurationIsVisible = 0;
			defaultConfigurationName = Release;
		};
/* End XCConfigurationList section */
	};
	rootObject = 17FC50B229A0B46F001FE90D /* Project object */;
}
